
Microsoft Visual Studio Solution File, Format Version 12.00
# Visual Studio 15
Project("{FAE04EC0-301F-11D3-BF4B-00C04F79EFBC}") = "AspNetCoreMvc", "AspNetCoreMvc\AspNetCoreMvc.csproj", "{023C56B3-F4EF-4540-B40B-BB377B90AACF}"
EndProject
Global
	GlobalSection(SolutionConfigurationPlatforms) = preSolution
		Debug|Any CPU = Debug|Any CPU
		Release|Any CPU = Release|Any CPU
	EndGlobalSection
	GlobalSection(ProjectConfigurationPlatforms) = postSolution
		{023C56B3-F4EF-4540-B40B-BB377B90AACF}.Debug|Any CPU.ActiveCfg = Debug|Any CPU
		{023C56B3-F4EF-4540-B40B-BB377B90AACF}.Debug|Any CPU.Build.0 = Debug|Any CPU
		{023C56B3-F4EF-4540-B40B-BB377B90AACF}.Release|Any CPU.ActiveCfg = Release|Any CPU
		{023C56B3-F4EF-4540-B40B-BB377B90AACF}.Release|Any CPU.Build.0 = Release|Any CPU
	EndGlobalSection
EndGlobal
